version = 1
revision = 3
requires-python = ">=3.13"

[[package]]
name = "colorama"
version = "0.4.6"
source = { registry = "https://pypi.org/simple" }
sdist = { url = "https://files.pythonhosted.org/packages/d8/53/6f443c9a4a8358a93a6792e2acffb9d9d5cb0a5cfd8802644b7b1c9a02e4/colorama-0.4.6.tar.gz", hash = "sha256:08695f5cb7ed6e0531a20572697297273c47b8cae5a63ffc6d6ed5c201be6e44", size = 27697, upload-time = "2022-10-25T02:36:22.414Z" }
wheels = [
    { url = "https://files.pythonhosted.org/packages/d1/d6/3965ed04c63042e047cb6a3e6ed1a63a35087b6a609aa3a15ed8ac56c221/colorama-0.4.6-py2.py3-none-any.whl", hash = "sha256:4f1d9991f5acc0ca119f9d443620b77f9d6b33703e51011c16baf57afb285fc6", size = 25335, upload-time = "2022-10-25T02:36:20.889Z" },
]

[[package]]
name = "loguru"
version = "0.7.3"
source = { registry = "https://pypi.org/simple" }
dependencies = [
    { name = "colorama", marker = "sys_platform == 'win32'" },
    { name = "win32-setctime", marker = "sys_platform == 'win32'" },
]
sdist = { url = "https://files.pythonhosted.org/packages/3a/05/a1dae3dffd1116099471c643b8924f5aa6524411dc6c63fdae648c4f1aca/loguru-0.7.3.tar.gz", hash = "sha256:19480589e77d47b8d85b2c827ad95d49bf31b0dcde16593892eb51dd18706eb6", size = 63559, upload-time = "2024-12-06T11:20:56.608Z" }
wheels = [
    { url = "https://files.pythonhosted.org/packages/0c/29/0348de65b8cc732daa3e33e67806420b2ae89bdce2b04af740289c5c6c8c/loguru-0.7.3-py3-none-any.whl", hash = "sha256:31a33c10c8e1e10422bfd431aeb5d351c7cf7fa671e3c4df004162264b28220c", size = 61595, upload-time = "2024-12-06T11:20:54.538Z" },
]

[[package]]
name = "momobrl"
version = "0.1.0"
source = { editable = "." }
dependencies = [
    { name = "loguru" },
    { name = "protobuf" },
    { name = "sudachidict-core" },
    { name = "sudachipy" },
]

[package.metadata]
requires-dist = [
    { name = "loguru", specifier = ">=0.7.3" },
    { name = "protobuf", specifier = ">=6.33.1" },
    { name = "sudachidict-core", specifier = ">=20251022" },
    { name = "sudachipy", specifier = ">=0.6.10" },
]

[[package]]
name = "protobuf"
version = "6.33.1"
source = { registry = "https://pypi.org/simple" }
sdist = { url = "https://files.pythonhosted.org/packages/0a/03/a1440979a3f74f16cab3b75b0da1a1a7f922d56a8ddea96092391998edc0/protobuf-6.33.1.tar.gz", hash = "sha256:97f65757e8d09870de6fd973aeddb92f85435607235d20b2dfed93405d00c85b", size = 443432, upload-time = "2025-11-13T16:44:18.895Z" }
wheels = [
    { url = "https://files.pythonhosted.org/packages/06/f1/446a9bbd2c60772ca36556bac8bfde40eceb28d9cc7838755bc41e001d8f/protobuf-6.33.1-cp310-abi3-win32.whl", hash = "sha256:f8d3fdbc966aaab1d05046d0240dd94d40f2a8c62856d41eaa141ff64a79de6b", size = 425593, upload-time = "2025-11-13T16:44:06.275Z" },
    { url = "https://files.pythonhosted.org/packages/a6/79/8780a378c650e3df849b73de8b13cf5412f521ca2ff9b78a45c247029440/protobuf-6.33.1-cp310-abi3-win_amd64.whl", hash = "sha256:923aa6d27a92bf44394f6abf7ea0500f38769d4b07f4be41cb52bd8b1123b9ed", size = 436883, upload-time = "2025-11-13T16:44:09.222Z" },
    { url = "https://files.pythonhosted.org/packages/cd/93/26213ff72b103ae55bb0d73e7fb91ea570ef407c3ab4fd2f1f27cac16044/protobuf-6.33.1-cp39-abi3-macosx_10_9_universal2.whl", hash = "sha256:fe34575f2bdde76ac429ec7b570235bf0c788883e70aee90068e9981806f2490", size = 427522, upload-time = "2025-11-13T16:44:10.475Z" },
    { url = "https://files.pythonhosted.org/packages/c2/32/df4a35247923393aa6b887c3b3244a8c941c32a25681775f96e2b418f90e/protobuf-6.33.1-cp39-abi3-manylinux2014_aarch64.whl", hash = "sha256:f8adba2e44cde2d7618996b3fc02341f03f5bc3f2748be72dc7b063319276178", size = 324445, upload-time = "2025-11-13T16:44:11.869Z" },
    { url = "https://files.pythonhosted.org/packages/8e/d0/d796e419e2ec93d2f3fa44888861c3f88f722cde02b7c3488fcc6a166820/protobuf-6.33.1-cp39-abi3-manylinux2014_s390x.whl", hash = "sha256:0f4cf01222c0d959c2b399142deb526de420be8236f22c71356e2a544e153c53", size = 339161, upload-time = "2025-11-13T16:44:12.778Z" },
    { url = "https://files.pythonhosted.org/packages/1d/2a/3c5f05a4af06649547027d288747f68525755de692a26a7720dced3652c0/protobuf-6.33.1-cp39-abi3-manylinux2014_x86_64.whl", hash = "sha256:8fd7d5e0eb08cd5b87fd3df49bc193f5cfd778701f47e11d127d0afc6c39f1d1", size = 323171, upload-time = "2025-11-13T16:44:14.035Z" },
    { url = "https://files.pythonhosted.org/packages/08/b4/46310463b4f6ceef310f8348786f3cff181cea671578e3d9743ba61a459e/protobuf-6.33.1-py3-none-any.whl", hash = "sha256:d595a9fd694fdeb061a62fbe10eb039cc1e444df81ec9bb70c7fc59ebcb1eafa", size = 170477, upload-time = "2025-11-13T16:44:17.633Z" },
]

[[package]]
name = "sudachidict-core"
version = "20251022"
source = { registry = "https://pypi.org/simple" }
dependencies = [
    { name = "sudachipy" },
]
sdist = { url = "https://files.pythonhosted.org/packages/b0/e3/65690070f1148d217dd754082195361884ac7350e3672244782b361311ac/sudachidict_core-20251022.tar.gz", hash = "sha256:2b25ffb00c7018c9d4af312f11d833fb710b680c4bfe8e3545da1e6fc18713fb", size = 9058, upload-time = "2025-11-04T02:56:20.097Z" }
wheels = [
    { url = "https://files.pythonhosted.org/packages/7c/d4/871635b678cc2cd624c3f0a26dedda4789e8a1dfaf10b7c0f517654c368d/sudachidict_core-20251022-py3-none-any.whl", hash = "sha256:ca67fe366c4cf3a35f4feef019fdb98a0c17129c66e5c0ececeae30dc318c016", size = 72164526, upload-time = "2025-11-04T03:11:26.25Z" },
]

[[package]]
name = "sudachipy"
version = "0.6.10"
source = { registry = "https://pypi.org/simple" }
sdist = { url = "https://files.pythonhosted.org/packages/86/eb/ceadfb1e9178332839a75b91393765b135ab870fad9230d47c201c931607/sudachipy-0.6.10.tar.gz", hash = "sha256:b8910a4610de98b2c3cb6dc3362fea93e3ba5059f1eb445a68baa9585278f31b", size = 71518686, upload-time = "2025-01-10T07:15:22.811Z" }
wheels = [
    { url = "https://files.pythonhosted.org/packages/f1/20/c58e1dde2b5413c68cc570f96e31c2ed1bc0b7b19b4eb67533dfaadbd94c/SudachiPy-0.6.10-cp313-cp313-macosx_10_13_universal2.whl", hash = "sha256:cc97b5d48f46f9989d97e105f7dd6419da2174888fcc42e55c0e4cd46597ed3b", size = 3040385, upload-time = "2025-01-10T07:14:58.575Z" },
    { url = "https://files.pythonhosted.org/packages/58/f4/3451dbe8fa54a7b23285512db018c622e10d649a94f134f9fc92292eb4a4/SudachiPy-0.6.10-cp313-cp313-manylinux_2_17_x86_64.manylinux2014_x86_64.whl", hash = "sha256:9794b73fffd8099d93e07882ba87eee5edbed0e4f1b94761db8f22c8e5da9904", size = 1730957, upload-time = "2025-01-10T07:15:01.296Z" },
    { url = "https://files.pythonhosted.org/packages/47/d3/e3cbab0b5d84df3c9d46e18fa07b84e2ab0b317daafb2bcd01610895106d/SudachiPy-0.6.10-cp313-cp313-win_amd64.whl", hash = "sha256:0fc5b60920a439c534688237e2651e15e4eaadc166a63182d6e24ac7ef3e4779", size = 1378958, upload-time = "2025-01-10T07:15:03.877Z" },
    { url = "https://files.pythonhosted.org/packages/9b/da/279d12cab13f2affa9edd0ad4d5631573f4de07a020ad89a4ad0195f1d7c/SudachiPy-0.6.10-cp313-cp313t-macosx_10_13_universal2.whl", hash = "sha256:7455e5cbb4c2cf9294c82345c9d46b344774b4eb23eca917f305ed716d8d5168", size = 3033253, upload-time = "2025-01-10T07:15:06.674Z" },
    { url = "https://files.pythonhosted.org/packages/66/ed/36eabf79eb81c38d477b77a5ab8fd62c8a4814a82c845f079f0c3b78ff18/SudachiPy-0.6.10-cp313-cp313t-manylinux_2_17_x86_64.manylinux2014_x86_64.whl", hash = "sha256:38d0de9e840ac8d199e714a40506792ea5237d0db0c966da16d51fbc74a508d6", size = 1730534, upload-time = "2025-01-10T07:15:09.348Z" },
]

[[package]]
name = "win32-setctime"
version = "1.2.0"
source = { registry = "https://pypi.org/simple" }
sdist = { url = "https://files.pythonhosted.org/packages/b3/8f/705086c9d734d3b663af0e9bb3d4de6578d08f46b1b101c2442fd9aecaa2/win32_setctime-1.2.0.tar.gz", hash = "sha256:ae1fdf948f5640aae05c511ade119313fb6a30d7eabe25fef9764dca5873c4c0", size = 4867, upload-time = "2024-12-07T15:28:28.314Z" }
wheels = [
    { url = "https://files.pythonhosted.org/packages/e1/07/c6fe3ad3e685340704d314d765b7912993bcb8dc198f0e7a89382d37974b/win32_setctime-1.2.0-py3-none-any.whl", hash = "sha256:95d644c4e708aba81dc3704a116d8cbc974d70b3bdb8be1d150e36be6e9d1390", size = 4083, upload-time = "2024-12-07T15:28:26.465Z" },
]
