version = 1
revision = 3
requires-python = ">=3.13"

[[package]]
name = "colorama"
version = "0.4.6"
source = { registry = "https://pypi.org/simple" }
sdist = { url = "https://files.pythonhosted.org/packages/d8/53/6f443c9a4a8358a93a6792e2acffb9d9d5cb0a5cfd8802644b7b1c9a02e4/colorama-0.4.6.tar.gz", hash = "sha256:08695f5cb7ed6e0531a20572697297273c47b8cae5a63ffc6d6ed5c201be6e44", size = 27697, upload-time = "2022-10-25T02:36:22.414Z" }
wheels = [
    { url = "https://files.pythonhosted.org/packages/d1/d6/3965ed04c63042e047cb6a3e6ed1a63a35087b6a609aa3a15ed8ac56c221/colorama-0.4.6-py2.py3-none-any.whl", hash = "sha256:4f1d9991f5acc0ca119f9d443620b77f9d6b33703e51011c16baf57afb285fc6", size = 25335, upload-time = "2022-10-25T02:36:20.889Z" },
]

[[package]]
name = "loguru"
version = "0.7.3"
source = { registry = "https://pypi.org/simple" }
dependencies = [
    { name = "colorama", marker = "sys_platform == 'win32'" },
    { name = "win32-setctime", marker = "sys_platform == 'win32'" },
]
sdist = { url = "https://files.pythonhosted.org/packages/3a/05/a1dae3dffd1116099471c643b8924f5aa6524411dc6c63fdae648c4f1aca/loguru-0.7.3.tar.gz", hash = "sha256:19480589e77d47b8d85b2c827ad95d49bf31b0dcde16593892eb51dd18706eb6", size = 63559, upload-time = "2024-12-06T11:20:56.608Z" }
wheels = [
    { url = "https://files.pythonhosted.org/packages/0c/29/0348de65b8cc732daa3e33e67806420b2ae89bdce2b04af740289c5c6c8c/loguru-0.7.3-py3-none-any.whl", hash = "sha256:31a33c10c8e1e10422bfd431aeb5d351c7cf7fa671e3c4df004162264b28220c", size = 61595, upload-time = "2024-12-06T11:20:54.538Z" },
]

[[package]]
name = "momobrl"
version = "0.1.0"
source = { editable = "." }
dependencies = [
    { name = "loguru" },
    { name = "protobuf" },
    { name = "sudachidict-core" },
    { name = "sudachipy" },
]

[package.metadata]
requires-dist = [
    { name = "loguru" },
    { name = "protobuf" },
    { name = "sudachidict-core" },
    { name = "sudachipy" },
]

[[package]]
name = "protobuf"
version = "7.34.0"
source = { registry = "https://pypi.org/simple" }
sdist = { url = "https://files.pythonhosted.org/packages/f2/00/04a2ab36b70a52d0356852979e08b44edde0435f2115dc66e25f2100f3ab/protobuf-7.34.0.tar.gz", hash = "sha256:3871a3df67c710aaf7bb8d214cc997342e63ceebd940c8c7fc65c9b3d697591a", size = 454726, upload-time = "2026-02-27T00:30:25.421Z" }
wheels = [
    { url = "https://files.pythonhosted.org/packages/13/c4/6322ab5c8f279c4c358bc14eb8aefc0550b97222a39f04eb3c1af7a830fa/protobuf-7.34.0-cp310-abi3-macosx_10_9_universal2.whl", hash = "sha256:8e329966799f2c271d5e05e236459fe1cbfdb8755aaa3b0914fa60947ddea408", size = 429248, upload-time = "2026-02-27T00:30:14.924Z" },
    { url = "https://files.pythonhosted.org/packages/45/99/b029bbbc61e8937545da5b79aa405ab2d9cf307a728f8c9459ad60d7a481/protobuf-7.34.0-cp310-abi3-manylinux2014_aarch64.whl", hash = "sha256:9d7a5005fb96f3c1e64f397f91500b0eb371b28da81296ae73a6b08a5b76cdd6", size = 325753, upload-time = "2026-02-27T00:30:17.247Z" },
    { url = "https://files.pythonhosted.org/packages/cc/79/09f02671eb75b251c5550a1c48e7b3d4b0623efd7c95a15a50f6f9fc1e2e/protobuf-7.34.0-cp310-abi3-manylinux2014_s390x.whl", hash = "sha256:4a72a8ec94e7a9f7ef7fe818ed26d073305f347f8b3b5ba31e22f81fd85fca02", size = 340200, upload-time = "2026-02-27T00:30:18.672Z" },
    { url = "https://files.pythonhosted.org/packages/b5/57/89727baef7578897af5ed166735ceb315819f1c184da8c3441271dbcfde7/protobuf-7.34.0-cp310-abi3-manylinux2014_x86_64.whl", hash = "sha256:964cf977e07f479c0697964e83deda72bcbc75c3badab506fb061b352d991b01", size = 324268, upload-time = "2026-02-27T00:30:20.088Z" },
    { url = "https://files.pythonhosted.org/packages/1f/3e/38ff2ddee5cc946f575c9d8cc822e34bde205cf61acf8099ad88ef19d7d2/protobuf-7.34.0-cp310-abi3-win32.whl", hash = "sha256:f791ec509707a1d91bd02e07df157e75e4fb9fbdad12a81b7396201ec244e2e3", size = 426628, upload-time = "2026-02-27T00:30:21.555Z" },
    { url = "https://files.pythonhosted.org/packages/cb/71/7c32eaf34a61a1bae1b62a2ac4ffe09b8d1bb0cf93ad505f42040023db89/protobuf-7.34.0-cp310-abi3-win_amd64.whl", hash = "sha256:9f9079f1dde4e32342ecbd1c118d76367090d4aaa19da78230c38101c5b3dd40", size = 437901, upload-time = "2026-02-27T00:30:22.836Z" },
    { url = "https://files.pythonhosted.org/packages/a4/e7/14dc9366696dcb53a413449881743426ed289d687bcf3d5aee4726c32ebb/protobuf-7.34.0-py3-none-any.whl", hash = "sha256:e3b914dd77fa33fa06ab2baa97937746ab25695f389869afdf03e81f34e45dc7", size = 170716, upload-time = "2026-02-27T00:30:23.994Z" },
]

[[package]]
name = "sudachidict-core"
version = "20260116"
source = { registry = "https://pypi.org/simple" }
dependencies = [
    { name = "sudachipy" },
]
sdist = { url = "https://files.pythonhosted.org/packages/8e/f9/92f818db5d18c54d9a456fdaa5cb4eb0848464fc48888f37f91b0112c2fc/sudachidict_core-20260116.tar.gz", hash = "sha256:81d3c8bbd880a58de33f9fb441663f46fb46a97b829d7ba7598f7085fedf319e", size = 9054, upload-time = "2026-01-20T02:56:34.263Z" }
wheels = [
    { url = "https://files.pythonhosted.org/packages/af/6a/dbf407b0a3b04ae9815e2b66997c60a9ae7c76e61ec0a2d5653745633400/sudachidict_core-20260116-py3-none-any.whl", hash = "sha256:6f0ab1d3ba074d36d487cfcb4dde9fa1aacd96d3d3559bc8691d3ed9c468b157", size = 72170257, upload-time = "2026-01-20T02:57:56.462Z" },
]

[[package]]
name = "sudachipy"
version = "0.6.10"
source = { registry = "https://pypi.org/simple" }
sdist = { url = "https://files.pythonhosted.org/packages/86/eb/ceadfb1e9178332839a75b91393765b135ab870fad9230d47c201c931607/sudachipy-0.6.10.tar.gz", hash = "sha256:b8910a4610de98b2c3cb6dc3362fea93e3ba5059f1eb445a68baa9585278f31b", size = 71518686, upload-time = "2025-01-10T07:15:22.811Z" }
wheels = [
    { url = "https://files.pythonhosted.org/packages/f1/20/c58e1dde2b5413c68cc570f96e31c2ed1bc0b7b19b4eb67533dfaadbd94c/SudachiPy-0.6.10-cp313-cp313-macosx_10_13_universal2.whl", hash = "sha256:cc97b5d48f46f9989d97e105f7dd6419da2174888fcc42e55c0e4cd46597ed3b", size = 3040385, upload-time = "2025-01-10T07:14:58.575Z" },
    { url = "https://files.pythonhosted.org/packages/58/f4/3451dbe8fa54a7b23285512db018c622e10d649a94f134f9fc92292eb4a4/SudachiPy-0.6.10-cp313-cp313-manylinux_2_17_x86_64.manylinux2014_x86_64.whl", hash = "sha256:9794b73fffd8099d93e07882ba87eee5edbed0e4f1b94761db8f22c8e5da9904", size = 1730957, upload-time = "2025-01-10T07:15:01.296Z" },
    { url = "https://files.pythonhosted.org/packages/47/d3/e3cbab0b5d84df3c9d46e18fa07b84e2ab0b317daafb2bcd01610895106d/SudachiPy-0.6.10-cp313-cp313-win_amd64.whl", hash = "sha256:0fc5b60920a439c534688237e2651e15e4eaadc166a63182d6e24ac7ef3e4779", size = 1378958, upload-time = "2025-01-10T07:15:03.877Z" },
    { url = "https://files.pythonhosted.org/packages/9b/da/279d12cab13f2affa9edd0ad4d5631573f4de07a020ad89a4ad0195f1d7c/SudachiPy-0.6.10-cp313-cp313t-macosx_10_13_universal2.whl", hash = "sha256:7455e5cbb4c2cf9294c82345c9d46b344774b4eb23eca917f305ed716d8d5168", size = 3033253, upload-time = "2025-01-10T07:15:06.674Z" },
    { url = "https://files.pythonhosted.org/packages/66/ed/36eabf79eb81c38d477b77a5ab8fd62c8a4814a82c845f079f0c3b78ff18/SudachiPy-0.6.10-cp313-cp313t-manylinux_2_17_x86_64.manylinux2014_x86_64.whl", hash = "sha256:38d0de9e840ac8d199e714a40506792ea5237d0db0c966da16d51fbc74a508d6", size = 1730534, upload-time = "2025-01-10T07:15:09.348Z" },
]

[[package]]
name = "win32-setctime"
version = "1.2.0"
source = { registry = "https://pypi.org/simple" }
sdist = { url = "https://files.pythonhosted.org/packages/b3/8f/705086c9d734d3b663af0e9bb3d4de6578d08f46b1b101c2442fd9aecaa2/win32_setctime-1.2.0.tar.gz", hash = "sha256:ae1fdf948f5640aae05c511ade119313fb6a30d7eabe25fef9764dca5873c4c0", size = 4867, upload-time = "2024-12-07T15:28:28.314Z" }
wheels = [
    { url = "https://files.pythonhosted.org/packages/e1/07/c6fe3ad3e685340704d314d765b7912993bcb8dc198f0e7a89382d37974b/win32_setctime-1.2.0-py3-none-any.whl", hash = "sha256:95d644c4e708aba81dc3704a116d8cbc974d70b3bdb8be1d150e36be6e9d1390", size = 4083, upload-time = "2024-12-07T15:28:26.465Z" },
]
